// !$*UTF8*$!
{
	archiveVersion = 1;
	classes = {
	};
	objectVersion = 77;
	objects = {

/* Begin PBXBuildFile section */
		A2D0BA972FFC5ACE00729EFE /* WidgetKit.framework in Frameworks */ = {isa = PBXBuildFile; fileRef = A2D0BA962FFC5ACE00729EFE /* WidgetKit.framework */; };
		A2D0BA992FFC5ACE00729EFE /* SwiftUI.framework in Frameworks */ = {isa = PBXBuildFile; fileRef = A2D0BA982FFC5ACE00729EFE /* SwiftUI.framework */; };
		A2D0BAA82FFC5AD000729EFE /* BadgerMeWidgetExtension.appex in Embed Foundation Extensions */ = {isa = PBXBuildFile; fileRef = A2D0BA942FFC5ACE00729EFE /* BadgerMeWidgetExtension.appex */; settings = {ATTRIBUTES = (RemoveHeadersOnCopy, ); }; };
		A2D0BAB02FFC5C5800729EFE /* BadgerKit in Frameworks */ = {isa = PBXBuildFile; productRef = A2D0BAAF2FFC5C5800729EFE /* BadgerKit */; };
		A2D0BAB32FFC5C8900729EFE /* BadgerKit in Frameworks */ = {isa = PBXBuildFile; productRef = A2D0BAB22FFC5C8900729EFE /* BadgerKit */; };
/* End PBXBuildFile section */

/* Begin PBXContainerItemProxy section */
		A20442152FF9799A006BCCCF /* PBXContainerItemProxy */ = {
			isa = PBXContainerItemProxy;
			containerPortal = A20441FD2FF97998006BCCCF /* Project object */;
			proxyType = 1;
			remoteGlobalIDString = A20442042FF97998006BCCCF;
			remoteInfo = BadgerMe;
		};
		A204421F2FF9799A006BCCCF /* PBXContainerItemProxy */ = {
			isa = PBXContainerItemProxy;
			containerPortal = A20441FD2FF97998006BCCCF /* Project object */;
			proxyType = 1;
			remoteGlobalIDString = A20442042FF97998006BCCCF;
			remoteInfo = BadgerMe;
		};
		A2D0BAA62FFC5AD000729EFE /* PBXContainerItemProxy */ = {
			isa = PBXContainerItemProxy;
			containerPortal = A20441FD2FF97998006BCCCF /* Project object */;
			proxyType = 1;
			remoteGlobalIDString = A2D0BA932FFC5ACE00729EFE;
			remoteInfo = BadgerMeWidgetExtension;
		};
/* End PBXContainerItemProxy section */

/* Begin PBXCopyFilesBuildPhase section */
		A2D0BAAD2FFC5AD000729EFE /* Embed Foundation Extensions */ = {
			isa = PBXCopyFilesBuildPhase;
			buildActionMask = 2147483647;
			dstPath = "";
			dstSubfolderSpec = 13;
			files = (
				A2D0BAA82FFC5AD000729EFE /* BadgerMeWidgetExtension.appex in Embed Foundation Extensions */,
			);
			name = "Embed Foundation Extensions";
			runOnlyForDeploymentPostprocessing = 0;
		};
/* End PBXCopyFilesBuildPhase section */

/* Begin PBXFileReference section */
		A20442052FF97998006BCCCF /* BadgerMe.app */ = {isa = PBXFileReference; explicitFileType = wrapper.application; includeInIndex = 0; path = BadgerMe.app; sourceTree = BUILT_PRODUCTS_DIR; };
		A20442142FF9799A006BCCCF /* BadgerMeTests.xctest */ = {isa = PBXFileReference; explicitFileType = wrapper.cfbundle; includeInIndex = 0; path = BadgerMeTests.xctest; sourceTree = BUILT_PRODUCTS_DIR; };
		A204421E2FF9799A006BCCCF /* BadgerMeUITests.xctest */ = {isa = PBXFileReference; explicitFileType = wrapper.cfbundle; includeInIndex = 0; path = BadgerMeUITests.xctest; sourceTree = BUILT_PRODUCTS_DIR; };
		A2D0BA942FFC5ACE00729EFE /* BadgerMeWidgetExtension.appex */ = {isa = PBXFileReference; explicitFileType = "wrapper.app-extension"; includeInIndex = 0; path = BadgerMeWidgetExtension.appex; sourceTree = BUILT_PRODUCTS_DIR; };
		A2D0BA962FFC5ACE00729EFE /* WidgetKit.framework */ = {isa = PBXFileReference; lastKnownFileType = wrapper.framework; name = WidgetKit.framework; path = System/Library/Frameworks/WidgetKit.framework; sourceTree = SDKROOT; };
		A2D0BA982FFC5ACE00729EFE /* SwiftUI.framework */ = {isa = PBXFileReference; lastKnownFileType = wrapper.framework; name = SwiftUI.framework; path = System/Library/Frameworks/SwiftUI.framework; sourceTree = SDKROOT; };
		A2D0BAB52FFC61B200729EFE /* BadgerMeWidgetExtension.entitlements */ = {isa = PBXFileReference; lastKnownFileType = text.plist.entitlements; path = BadgerMeWidgetExtension.entitlements; sourceTree = "<group>"; };
/* End PBXFileReference section */

/* Begin PBXFileSystemSynchronizedBuildFileExceptionSet section */
		A2D0BAAC2FFC5AD000729EFE /* Exceptions for "BadgerMeWidget" folder in "BadgerMeWidgetExtension" target */ = {
			isa = PBXFileSystemSynchronizedBuildFileExceptionSet;
			membershipExceptions = (
				Info.plist,
			);
			target = A2D0BA932FFC5ACE00729EFE /* BadgerMeWidgetExtension */;
		};
		A2D0BABC2FFC9F5F00729EFE /* Exceptions for "BadgerMe" folder in "BadgerMe" target */ = {
			isa = PBXFileSystemSynchronizedBuildFileExceptionSet;
			membershipExceptions = (
				Info.plist,
			);
			target = A20442042FF97998006BCCCF /* BadgerMe */;
		};
/* End PBXFileSystemSynchronizedBuildFileExceptionSet section */

/* Begin PBXFileSystemSynchronizedRootGroup section */
		A20442072FF97998006BCCCF /* BadgerMe */ = {
			isa = PBXFileSystemSynchronizedRootGroup;
			exceptions = (
				A2D0BABC2FFC9F5F00729EFE /* Exceptions for "BadgerMe" folder in "BadgerMe" target */,
			);
			path = BadgerMe;
			sourceTree = "<group>";
		};
		A20442172FF9799A006BCCCF /* BadgerMeTests */ = {
			isa = PBXFileSystemSynchronizedRootGroup;
			path = BadgerMeTests;
			sourceTree = "<group>";
		};
		A20442212FF9799A006BCCCF /* BadgerMeUITests */ = {
			isa = PBXFileSystemSynchronizedRootGroup;
			path = BadgerMeUITests;
			sourceTree = "<group>";
		};
		A20442312FF97DB0006BCCCF /* Notes */ = {
			isa = PBXFileSystemSynchronizedRootGroup;
			path = Notes;
			sourceTree = "<group>";
		};
		A2D0BA9A2FFC5ACE00729EFE /* BadgerMeWidget */ = {
			isa = PBXFileSystemSynchronizedRootGroup;
			exceptions = (
				A2D0BAAC2FFC5AD000729EFE /* Exceptions for "BadgerMeWidget" folder in "BadgerMeWidgetExtension" target */,
			);
			path = BadgerMeWidget;
			sourceTree = "<group>";
		};
/* End PBXFileSystemSynchronizedRootGroup section */

/* Begin PBXFrameworksBuildPhase section */
		A20442022FF97998006BCCCF /* Frameworks */ = {
			isa = PBXFrameworksBuildPhase;
			buildActionMask = 2147483647;
			files = (
				A2D0BAB32FFC5C8900729EFE /* BadgerKit in Frameworks */,
			);
			runOnlyForDeploymentPostprocessing = 0;
		};
		A20442112FF9799A006BCCCF /* Frameworks */ = {
			isa = PBXFrameworksBuildPhase;
			buildActionMask = 2147483647;
			files = (
			);
			runOnlyForDeploymentPostprocessing = 0;
		};
		A204421B2FF9799A006BCCCF /* Frameworks */ = {
			isa = PBXFrameworksBuildPhase;
			buildActionMask = 2147483647;
			files = (
			);
			runOnlyForDeploymentPostprocessing = 0;
		};
		A2D0BA912FFC5ACE00729EFE /* Frameworks */ = {
			isa = PBXFrameworksBuildPhase;
			buildActionMask = 2147483647;
			files = (
				A2D0BA992FFC5ACE00729EFE /* SwiftUI.framework in Frameworks */,
				A2D0BAB02FFC5C5800729EFE /* BadgerKit in Frameworks */,
				A2D0BA972FFC5ACE00729EFE /* WidgetKit.framework in Frameworks */,
			);
			runOnlyForDeploymentPostprocessing = 0;
		};
/* End PBXFrameworksBuildPhase section */

/* Begin PBXGroup section */
		A20441FC2FF97998006BCCCF = {
			isa = PBXGroup;
			children = (
				A2D0BAB52FFC61B200729EFE /* BadgerMeWidgetExtension.entitlements */,
				A20442312FF97DB0006BCCCF /* Notes */,
				A20442072FF97998006BCCCF /* BadgerMe */,
				A20442172FF9799A006BCCCF /* BadgerMeTests */,
				A20442212FF9799A006BCCCF /* BadgerMeUITests */,
				A2D0BA9A2FFC5ACE00729EFE /* BadgerMeWidget */,
				A2D0BA952FFC5ACE00729EFE /* Frameworks */,
				A20442062FF97998006BCCCF /* Products */,
			);
			sourceTree = "<group>";
		};
		A20442062FF97998006BCCCF /* Products */ = {
			isa = PBXGroup;
			children = (
				A20442052FF97998006BCCCF /* BadgerMe.app */,
				A20442142FF9799A006BCCCF /* BadgerMeTests.xctest */,
				A204421E2FF9799A006BCCCF /* BadgerMeUITests.xctest */,
				A2D0BA942FFC5ACE00729EFE /* BadgerMeWidgetExtension.appex */,
			);
			name = Products;
			sourceTree = "<group>";
		};
		A2D0BA952FFC5ACE00729EFE /* Frameworks */ = {
			isa = PBXGroup;
			children = (
				A2D0BA962FFC5ACE00729EFE /* WidgetKit.framework */,
				A2D0BA982FFC5ACE00729EFE /* SwiftUI.framework */,
			);
			name = Frameworks;
			sourceTree = "<group>";
		};
/* End PBXGroup section */

/* Begin PBXNativeTarget section */
		A20442042FF97998006BCCCF /* BadgerMe */ = {
			isa = PBXNativeTarget;
			buildConfigurationList = A20442282FF9799A006BCCCF /* Build configuration list for PBXNativeTarget "BadgerMe" */;
			buildPhases = (
				A20442012FF97998006BCCCF /* Sources */,
				A20442022FF97998006BCCCF /* Frameworks */,
				A20442032FF97998006BCCCF /* Resources */,
				A2D0BAAD2FFC5AD000729EFE /* Embed Foundation Extensions */,
			);
			buildRules = (
			);
			dependencies = (
				A2D0BAA72FFC5AD000729EFE /* PBXTargetDependency */,
			);
			fileSystemSynchronizedGroups = (
				A20442072FF97998006BCCCF /* BadgerMe */,
			);
			name = BadgerMe;
			packageProductDependencies = (
				A2D0BAB22FFC5C8900729EFE /* BadgerKit */,
			);
			productName = BadgerMe;
			productReference = A20442052FF97998006BCCCF /* BadgerMe.app */;
			productType = "com.apple.product-type.application";
		};
		A20442132FF9799A006BCCCF /* BadgerMeTests */ = {
			isa = PBXNativeTarget;
			buildConfigurationList = A204422B2FF9799A006BCCCF /* Build configuration list for PBXNativeTarget "BadgerMeTests" */;
			buildPhases = (
				A20442102FF9799A006BCCCF /* Sources */,
				A20442112FF9799A006BCCCF /* Frameworks */,
				A20442122FF9799A006BCCCF /* Resources */,
			);
			buildRules = (
			);
			dependencies = (
				A20442162FF9799A006BCCCF /* PBXTargetDependency */,
			);
			fileSystemSynchronizedGroups = (
				A20442172FF9799A006BCCCF /* BadgerMeTests */,
			);
			name = BadgerMeTests;
			packageProductDependencies = (
			);
			productName = BadgerMeTests;
			productReference = A20442142FF9799A006BCCCF /* BadgerMeTests.xctest */;
			productType = "com.apple.product-type.bundle.unit-test";
		};
		A204421D2FF9799A006BCCCF /* BadgerMeUITests */ = {
			isa = PBXNativeTarget;
			buildConfigurationList = A204422E2FF9799A006BCCCF /* Build configuration list for PBXNativeTarget "BadgerMeUITests" */;
			buildPhases = (
				A204421A2FF9799A006BCCCF /* Sources */,
				A204421B2FF9799A006BCCCF /* Frameworks */,
				A204421C2FF9799A006BCCCF /* Resources */,
			);
			buildRules = (
			);
			dependencies = (
				A20442202FF9799A006BCCCF /* PBXTargetDependency */,
			);
			fileSystemSynchronizedGroups = (
				A20442212FF9799A006BCCCF /* BadgerMeUITests */,
			);
			name = BadgerMeUITests;
			packageProductDependencies = (
			);
			productName = BadgerMeUITests;
			productReference = A204421E2FF9799A006BCCCF /* BadgerMeUITests.xctest */;
			productType = "com.apple.product-type.bundle.ui-testing";
		};
		A2D0BA932FFC5ACE00729EFE /* BadgerMeWidgetExtension */ = {
			isa = PBXNativeTarget;
			buildConfigurationList = A2D0BAA92FFC5AD000729EFE /* Build configuration list for PBXNativeTarget "BadgerMeWidgetExtension" */;
			buildPhases = (
				A2D0BA902FFC5ACE00729EFE /* Sources */,
				A2D0BA912FFC5ACE00729EFE /* Frameworks */,
				A2D0BA922FFC5ACE00729EFE /* Resources */,
			);
			buildRules = (
			);
			dependencies = (
			);
			fileSystemSynchronizedGroups = (
				A2D0BA9A2FFC5ACE00729EFE /* BadgerMeWidget */,
			);
			name = BadgerMeWidgetExtension;
			packageProductDependencies = (
				A2D0BAAF2FFC5C5800729EFE /* BadgerKit */,
			);
			productName = BadgerMeWidgetExtension;
			productReference = A2D0BA942FFC5ACE00729EFE /* BadgerMeWidgetExtension.appex */;
			productType = "com.apple.product-type.app-extension";
		};
/* End PBXNativeTarget section */

/* Begin PBXProject section */
		A20441FD2FF97998006BCCCF /* Project object */ = {
			isa = PBXProject;
			attributes = {
				BuildIndependentTargetsInParallel = 1;
				LastSwiftUpdateCheck = 2660;
				LastUpgradeCheck = 2660;
				TargetAttributes = {
					A20442042FF97998006BCCCF = {
						CreatedOnToolsVersion = 26.6;
					};
					A20442132FF9799A006BCCCF = {
						CreatedOnToolsVersion = 26.6;
						TestTargetID = A20442042FF97998006BCCCF;
					};
					A204421D2FF9799A006BCCCF = {
						CreatedOnToolsVersion = 26.6;
						TestTargetID = A20442042FF97998006BCCCF;
					};
					A2D0BA932FFC5ACE00729EFE = {
						CreatedOnToolsVersion = 26.6;
					};
				};
			};
			buildConfigurationList = A20442002FF97998006BCCCF /* Build configuration list for PBXProject "BadgerMe" */;
			developmentRegion = en;
			hasScannedForEncodings = 0;
			knownRegions = (
				en,
				Base,
			);
			mainGroup = A20441FC2FF97998006BCCCF;
			minimizedProjectReferenceProxies = 1;
			packageReferences = (
				A2D0BAB12FFC5C8900729EFE /* XCLocalSwiftPackageReference "BadgerKit" */,
			);
			preferredProjectObjectVersion = 77;
			productRefGroup = A20442062FF97998006BCCCF /* Products */;
			projectDirPath = "";
			projectRoot = "";
			targets = (
				A20442042FF97998006BCCCF /* BadgerMe */,
				A20442132FF9799A006BCCCF /* BadgerMeTests */,
				A204421D2FF9799A006BCCCF /* BadgerMeUITests */,
				A2D0BA932FFC5ACE00729EFE /* BadgerMeWidgetExtension */,
			);
		};
/* End PBXProject section */

/* Begin PBXResourcesBuildPhase section */
		A20442032FF97998006BCCCF /* Resources */ = {
			isa = PBXResourcesBuildPhase;
			buildActionMask = 2147483647;
			files = (
			);
			runOnlyForDeploymentPostprocessing = 0;
		};
		A20442122FF9799A006BCCCF /* Resources */ = {
			isa = PBXResourcesBuildPhase;
			buildActionMask = 2147483647;
			files = (
			);
			runOnlyForDeploymentPostprocessing = 0;
		};
		A204421C2FF9799A006BCCCF /* Resources */ = {
			isa = PBXResourcesBuildPhase;
			buildActionMask = 2147483647;
			files = (
			);
			runOnlyForDeploymentPostprocessing = 0;
		};
		A2D0BA922FFC5ACE00729EFE /* Resources */ = {
			isa = PBXResourcesBuildPhase;
			buildActionMask = 2147483647;
			files = (
			);
			runOnlyForDeploymentPostprocessing = 0;
		};
/* End PBXResourcesBuildPhase section */

/* Begin PBXSourcesBuildPhase section */
		A20442012FF97998006BCCCF /* Sources */ = {
			isa = PBXSourcesBuildPhase;
			buildActionMask = 2147483647;
			files = (
			);
			runOnlyForDeploymentPostprocessing = 0;
		};
		A20442102FF9799A006BCCCF /* Sources */ = {
			isa = PBXSourcesBuildPhase;
			buildActionMask = 2147483647;
			files = (
			);
			runOnlyForDeploymentPostprocessing = 0;
		};
		A204421A2FF9799A006BCCCF /* Sources */ = {
			isa = PBXSourcesBuildPhase;
			buildActionMask = 2147483647;
			files = (
			);
			runOnlyForDeploymentPostprocessing = 0;
		};
		A2D0BA902FFC5ACE00729EFE /* Sources */ = {
			isa = PBXSourcesBuildPhase;
			buildActionMask = 2147483647;
			files = (
			);
			runOnlyForDeploymentPostprocessing = 0;
		};
/* End PBXSourcesBuildPhase section */

/* Begin PBXTargetDependency section */
		A20442162FF9799A006BCCCF /* PBXTargetDependency */ = {
			isa = PBXTargetDependency;
			target = A20442042FF97998006BCCCF /* BadgerMe */;
			targetProxy = A20442152FF9799A006BCCCF /* PBXContainerItemProxy */;
		};
		A20442202FF9799A006BCCCF /* PBXTargetDependency */ = {
			isa = PBXTargetDependency;
			target = A20442042FF97998006BCCCF /* BadgerMe */;
			targetProxy = A204421F2FF9799A006BCCCF /* PBXContainerItemProxy */;
		};
		A2D0BAA72FFC5AD000729EFE /* PBXTargetDependency */ = {
			isa = PBXTargetDependency;
			target = A2D0BA932FFC5ACE00729EFE /* BadgerMeWidgetExtension */;
			targetProxy = A2D0BAA62FFC5AD000729EFE /* PBXContainerItemProxy */;
		};
/* End PBXTargetDependency section */

/* Begin XCBuildConfiguration section */
		A20442262FF9799A006BCCCF /* Debug */ = {
			isa = XCBuildConfiguration;
			buildSettings = {
				ALWAYS_SEARCH_USER_PATHS = NO;
				ASSETCATALOG_COMPILER_GENERATE_SWIFT_ASSET_SYMBOL_EXTENSIONS = YES;
				CLANG_ANALYZER_NONNULL = YES;
				CLANG_ANALYZER_NUMBER_OBJECT_CONVERSION = YES_AGGRESSIVE;
				CLANG_CXX_LANGUAGE_STANDARD = "gnu++20";
				CLANG_ENABLE_MODULES = YES;
				CLANG_ENABLE_OBJC_ARC = YES;
				CLANG_ENABLE_OBJC_WEAK = YES;
				CLANG_WARN_BLOCK_CAPTURE_AUTORELEASING = YES;
				CLANG_WARN_BOOL_CONVERSION = YES;
				CLANG_WARN_COMMA = YES;
				CLANG_WARN_CONSTANT_CONVERSION = YES;
				CLANG_WARN_DEPRECATED_OBJC_IMPLEMENTATIONS = YES;
				CLANG_WARN_DIRECT_OBJC_ISA_USAGE = YES_ERROR;
				CLANG_WARN_DOCUMENTATION_COMMENTS = YES;
				CLANG_WARN_EMPTY_BODY = YES;
				CLANG_WARN_ENUM_CONVERSION = YES;
				CLANG_WARN_INFINITE_RECURSION = YES;
				CLANG_WARN_INT_CONVERSION = YES;
				CLANG_WARN_NON_LITERAL_NULL_CONVERSION = YES;
				CLANG_WARN_OBJC_IMPLICIT_RETAIN_SELF = YES;
				CLANG_WARN_OBJC_LITERAL_CONVERSION = YES;
				CLANG_WARN_OBJC_ROOT_CLASS = YES_ERROR;
				CLANG_WARN_QUOTED_INCLUDE_IN_FRAMEWORK_HEADER = YES;
				CLANG_WARN_RANGE_LOOP_ANALYSIS = YES;
				CLANG_WARN_STRICT_PROTOTYPES = YES;
				CLANG_WARN_SUSPICIOUS_MOVE = YES;
				CLANG_WARN_UNGUARDED_AVAILABILITY = YES_AGGRESSIVE;
				CLANG_WARN_UNREACHABLE_CODE = YES;
				CLANG_WARN__DUPLICATE_METHOD_MATCH = YES;
				COPY_PHASE_STRIP = NO;
				DEBUG_INFORMATION_FORMAT = dwarf;
				DEVELOPMENT_TEAM = D28SQQ935Q;
				ENABLE_STRICT_OBJC_MSGSEND = YES;
				ENABLE_TESTABILITY = YES;
				ENABLE_USER_SCRIPT_SANDBOXING = YES;
				GCC_C_LANGUAGE_STANDARD = gnu17;
				GCC_DYNAMIC_NO_PIC = NO;
				GCC_NO_COMMON_BLOCKS = YES;
				GCC_OPTIMIZATION_LEVEL = 0;
				GCC_PREPROCESSOR_DEFINITIONS = (
					"DEBUG=1",
					"$(inherited)",
				);
				GCC_WARN_64_TO_32_BIT_CONVERSION = YES;
				GCC_WARN_ABOUT_RETURN_TYPE = YES_ERROR;
				GCC_WARN_UNDECLARED_SELECTOR = YES;
				GCC_WARN_UNINITIALIZED_AUTOS = YES_AGGRESSIVE;
				GCC_WARN_UNUSED_FUNCTION = YES;
				GCC_WARN_UNUSED_VARIABLE = YES;
				IPHONEOS_DEPLOYMENT_TARGET = 26.1;
				LOCALIZATION_PREFERS_STRING_CATALOGS = YES;
				MTL_ENABLE_DEBUG_INFO = INCLUDE_SOURCE;
				MTL_FAST_MATH = YES;
				ONLY_ACTIVE_ARCH = YES;
				SDKROOT = iphoneos;
				SWIFT_ACTIVE_COMPILATION_CONDITIONS = "DEBUG $(inherited)";
				SWIFT_OPTIMIZATION_LEVEL = "-Onone";
				SWIFT_VERSION = 6.0;
			};
			name = Debug;
		};
		A20442272FF9799A006BCCCF /* Release */ = {
			isa = XCBuildConfiguration;
			buildSettings = {
				ALWAYS_SEARCH_USER_PATHS = NO;
				ASSETCATALOG_COMPILER_GENERATE_SWIFT_ASSET_SYMBOL_EXTENSIONS = YES;
				CLANG_ANALYZER_NONNULL = YES;
				CLANG_ANALYZER_NUMBER_OBJECT_CONVERSION = YES_AGGRESSIVE;
				CLANG_CXX_LANGUAGE_STANDARD = "gnu++20";
				CLANG_ENABLE_MODULES = YES;
				CLANG_ENABLE_OBJC_ARC = YES;
				CLANG_ENABLE_OBJC_WEAK = YES;
				CLANG_WARN_BLOCK_CAPTURE_AUTORELEASING = YES;
				CLANG_WARN_BOOL_CONVERSION = YES;
				CLANG_WARN_COMMA = YES;
				CLANG_WARN_CONSTANT_CONVERSION = YES;
				CLANG_WARN_DEPRECATED_OBJC_IMPLEMENTATIONS = YES;
				CLANG_WARN_DIRECT_OBJC_ISA_USAGE = YES_ERROR;
				CLANG_WARN_DOCUMENTATION_COMMENTS = YES;
				CLANG_WARN_EMPTY_BODY = YES;
				CLANG_WARN_ENUM_CONVERSION = YES;
				CLANG_WARN_INFINITE_RECURSION = YES;
				CLANG_WARN_INT_CONVERSION = YES;
				CLANG_WARN_NON_LITERAL_NULL_CONVERSION = YES;
				CLANG_WARN_OBJC_IMPLICIT_RETAIN_SELF = YES;
				CLANG_WARN_OBJC_LITERAL_CONVERSION = YES;
				CLANG_WARN_OBJC_ROOT_CLASS = YES_ERROR;
				CLANG_WARN_QUOTED_INCLUDE_IN_FRAMEWORK_HEADER = YES;
				CLANG_WARN_RANGE_LOOP_ANALYSIS = YES;
				CLANG_WARN_STRICT_PROTOTYPES = YES;
				CLANG_WARN_SUSPICIOUS_MOVE = YES;
				CLANG_WARN_UNGUARDED_AVAILABILITY = YES_AGGRESSIVE;
				CLANG_WARN_UNREACHABLE_CODE = YES;
				CLANG_WARN__DUPLICATE_METHOD_MATCH = YES;
				COPY_PHASE_STRIP = NO;
				DEBUG_INFORMATION_FORMAT = "dwarf-with-dsym";
				DEVELOPMENT_TEAM = D28SQQ935Q;
				ENABLE_NS_ASSERTIONS = NO;
				ENABLE_STRICT_OBJC_MSGSEND = YES;
				ENABLE_USER_SCRIPT_SANDBOXING = YES;
				GCC_C_LANGUAGE_STANDARD = gnu17;
				GCC_NO_COMMON_BLOCKS = YES;
				GCC_WARN_64_TO_32_BIT_CONVERSION = YES;
				GCC_WARN_ABOUT_RETURN_TYPE = YES_ERROR;
				GCC_WARN_UNDECLARED_SELECTOR = YES;
				GCC_WARN_UNINITIALIZED_AUTOS = YES_AGGRESSIVE;
				GCC_WARN_UNUSED_FUNCTION = YES;
				GCC_WARN_UNUSED_VARIABLE = YES;
				IPHONEOS_DEPLOYMENT_TARGET = 26.1;
				LOCALIZATION_PREFERS_STRING_CATALOGS = YES;
				MTL_ENABLE_DEBUG_INFO = NO;
				MTL_FAST_MATH = YES;
				SDKROOT = iphoneos;
				SWIFT_COMPILATION_MODE = wholemodule;
				SWIFT_VERSION = 6.0;
				VALIDATE_PRODUCT = YES;
			};
			name = Release;
		};
		A20442292FF9799A006BCCCF /* Debug */ = {
			isa = XCBuildConfiguration;
			buildSettings = {
				ASSETCATALOG_COMPILER_APPICON_NAME = AppIcon;
				ASSETCATALOG_COMPILER_GLOBAL_ACCENT_COLOR_NAME = AccentColor;
				CODE_SIGN_ENTITLEMENTS = BadgerMe/BadgerMe.entitlements;
				CODE_SIGN_STYLE = Automatic;
				CURRENT_PROJECT_VERSION = 1;
				DEVELOPMENT_TEAM = D28SQQ935Q;
				ENABLE_PREVIEWS = YES;
				GENERATE_INFOPLIST_FILE = YES;
				INFOPLIST_FILE = BadgerMe/Info.plist;
				INFOPLIST_KEY_UIApplicationSceneManifest_Generation = YES;
				INFOPLIST_KEY_UIApplicationSupportsIndirectInputEvents = YES;
				INFOPLIST_KEY_UILaunchScreen_Generation = YES;
				INFOPLIST_KEY_UISupportedInterfaceOrientations_iPad = "UIInterfaceOrientationPortrait UIInterfaceOrientationPortraitUpsideDown UIInterfaceOrientationLandscapeLeft UIInterfaceOrientationLandscapeRight";
				INFOPLIST_KEY_UISupportedInterfaceOrientations_iPhone = "UIInterfaceOrientationPortrait UIInterfaceOrientationLandscapeLeft UIInterfaceOrientationLandscapeRight";
				LD_RUNPATH_SEARCH_PATHS = (
					"$(inherited)",
					"@executable_path/Frameworks",
				);
				MARKETING_VERSION = 1.0;
				PRODUCT_BUNDLE_IDENTIFIER = com.badgerme.BadgerMe;
				PRODUCT_NAME = "$(TARGET_NAME)";
				STRING_CATALOG_GENERATE_SYMBOLS = YES;
				SWIFT_APPROACHABLE_CONCURRENCY = YES;
				SWIFT_DEFAULT_ACTOR_ISOLATION = MainActor;
				SWIFT_EMIT_LOC_STRINGS = YES;
				SWIFT_UPCOMING_FEATURE_MEMBER_IMPORT_VISIBILITY = YES;
				SWIFT_VERSION = 6.0;
				TARGETED_DEVICE_FAMILY = "1,2";
			};
			name = Debug;
		};
		A204422A2FF9799A006BCCCF /* Release */ = {
			isa = XCBuildConfiguration;
			buildSettings = {
				ASSETCATALOG_COMPILER_APPICON_NAME = AppIcon;
				ASSETCATALOG_COMPILER_GLOBAL_ACCENT_COLOR_NAME = AccentColor;
				CODE_SIGN_ENTITLEMENTS = BadgerMe/BadgerMe.entitlements;
				CODE_SIGN_STYLE = Automatic;
				CURRENT_PROJECT_VERSION = 1;
				DEVELOPMENT_TEAM = D28SQQ935Q;
				ENABLE_PREVIEWS = YES;
				GENERATE_INFOPLIST_FILE = YES;
				INFOPLIST_FILE = BadgerMe/Info.plist;
				INFOPLIST_KEY_UIApplicationSceneManifest_Generation = YES;
				INFOPLIST_KEY_UIApplicationSupportsIndirectInputEvents = YES;
				INFOPLIST_KEY_UILaunchScreen_Generation = YES;
				INFOPLIST_KEY_UISupportedInterfaceOrientations_iPad = "UIInterfaceOrientationPortrait UIInterfaceOrientationPortraitUpsideDown UIInterfaceOrientationLandscapeLeft UIInterfaceOrientationLandscapeRight";
				INFOPLIST_KEY_UISupportedInterfaceOrientations_iPhone = "UIInterfaceOrientationPortrait UIInterfaceOrientationLandscapeLeft UIInterfaceOrientationLandscapeRight";
				LD_RUNPATH_SEARCH_PATHS = (
					"$(inherited)",
					"@executable_path/Frameworks",
				);
				MARKETING_VERSION = 1.0;
				PRODUCT_BUNDLE_IDENTIFIER = com.badgerme.BadgerMe;
				PRODUCT_NAME = "$(TARGET_NAME)";
				STRING_CATALOG_GENERATE_SYMBOLS = YES;
				SWIFT_APPROACHABLE_CONCURRENCY = YES;
				SWIFT_DEFAULT_ACTOR_ISOLATION = MainActor;
				SWIFT_EMIT_LOC_STRINGS = YES;
				SWIFT_UPCOMING_FEATURE_MEMBER_IMPORT_VISIBILITY = YES;
				SWIFT_VERSION = 6.0;
				TARGETED_DEVICE_FAMILY = "1,2";
			};
			name = Release;
		};
		A204422C2FF9799A006BCCCF /* Debug */ = {
			isa = XCBuildConfiguration;
			buildSettings = {
				BUNDLE_LOADER = "$(TEST_HOST)";
				CODE_SIGN_STYLE = Automatic;
				CURRENT_PROJECT_VERSION = 1;
				DEVELOPMENT_TEAM = D28SQQ935Q;
				GENERATE_INFOPLIST_FILE = YES;
				IPHONEOS_DEPLOYMENT_TARGET = 26.1;
				MARKETING_VERSION = 1.0;
				PRODUCT_BUNDLE_IDENTIFIER = com.badgerme.BadgerMeTests;
				PRODUCT_NAME = "$(TARGET_NAME)";
				STRING_CATALOG_GENERATE_SYMBOLS = NO;
				SWIFT_APPROACHABLE_CONCURRENCY = YES;
				SWIFT_EMIT_LOC_STRINGS = NO;
				SWIFT_UPCOMING_FEATURE_MEMBER_IMPORT_VISIBILITY = YES;
				SWIFT_VERSION = 6.0;
				TARGETED_DEVICE_FAMILY = "1,2";
				TEST_HOST = "$(BUILT_PRODUCTS_DIR)/BadgerMe.app/$(BUNDLE_EXECUTABLE_FOLDER_PATH)/BadgerMe";
			};
			name = Debug;
		};
		A204422D2FF9799A006BCCCF /* Release */ = {
			isa = XCBuildConfiguration;
			buildSettings = {
				BUNDLE_LOADER = "$(TEST_HOST)";
				CODE_SIGN_STYLE = Automatic;
				CURRENT_PROJECT_VERSION = 1;
				DEVELOPMENT_TEAM = D28SQQ935Q;
				GENERATE_INFOPLIST_FILE = YES;
				IPHONEOS_DEPLOYMENT_TARGET = 26.1;
				MARKETING_VERSION = 1.0;
				PRODUCT_BUNDLE_IDENTIFIER = com.badgerme.BadgerMeTests;
				PRODUCT_NAME = "$(TARGET_NAME)";
				STRING_CATALOG_GENERATE_SYMBOLS = NO;
				SWIFT_APPROACHABLE_CONCURRENCY = YES;
				SWIFT_EMIT_LOC_STRINGS = NO;
				SWIFT_UPCOMING_FEATURE_MEMBER_IMPORT_VISIBILITY = YES;
				SWIFT_VERSION = 6.0;
				TARGETED_DEVICE_FAMILY = "1,2";
				TEST_HOST = "$(BUILT_PRODUCTS_DIR)/BadgerMe.app/$(BUNDLE_EXECUTABLE_FOLDER_PATH)/BadgerMe";
			};
			name = Release;
		};
		A204422F2FF9799A006BCCCF /* Debug */ = {
			isa = XCBuildConfiguration;
			buildSettings = {
				CODE_SIGN_STYLE = Automatic;
				CURRENT_PROJECT_VERSION = 1;
				DEVELOPMENT_TEAM = D28SQQ935Q;
				GENERATE_INFOPLIST_FILE = YES;
				MARKETING_VERSION = 1.0;
				PRODUCT_BUNDLE_IDENTIFIER = com.badgerme.BadgerMeUITests;
				PRODUCT_NAME = "$(TARGET_NAME)";
				STRING_CATALOG_GENERATE_SYMBOLS = NO;
				SWIFT_APPROACHABLE_CONCURRENCY = YES;
				SWIFT_EMIT_LOC_STRINGS = NO;
				SWIFT_UPCOMING_FEATURE_MEMBER_IMPORT_VISIBILITY = YES;
				SWIFT_VERSION = 6.0;
				TARGETED_DEVICE_FAMILY = "1,2";
				TEST_TARGET_NAME = BadgerMe;
			};
			name = Debug;
		};
		A20442302FF9799A006BCCCF /* Release */ = {
			isa = XCBuildConfiguration;
			buildSettings = {
				CODE_SIGN_STYLE = Automatic;
				CURRENT_PROJECT_VERSION = 1;
				DEVELOPMENT_TEAM = D28SQQ935Q;
				GENERATE_INFOPLIST_FILE = YES;
				MARKETING_VERSION = 1.0;
				PRODUCT_BUNDLE_IDENTIFIER = com.badgerme.BadgerMeUITests;
				PRODUCT_NAME = "$(TARGET_NAME)";
				STRING_CATALOG_GENERATE_SYMBOLS = NO;
				SWIFT_APPROACHABLE_CONCURRENCY = YES;
				SWIFT_EMIT_LOC_STRINGS = NO;
				SWIFT_UPCOMING_FEATURE_MEMBER_IMPORT_VISIBILITY = YES;
				SWIFT_VERSION = 6.0;
				TARGETED_DEVICE_FAMILY = "1,2";
				TEST_TARGET_NAME = BadgerMe;
			};
			name = Release;
		};
		A2D0BAAA2FFC5AD000729EFE /* Debug */ = {
			isa = XCBuildConfiguration;
			buildSettings = {
				ASSETCATALOG_COMPILER_GLOBAL_ACCENT_COLOR_NAME = AccentColor;
				ASSETCATALOG_COMPILER_WIDGET_BACKGROUND_COLOR_NAME = WidgetBackground;
				CODE_SIGN_ENTITLEMENTS = BadgerMeWidgetExtension.entitlements;
				CODE_SIGN_STYLE = Automatic;
				CURRENT_PROJECT_VERSION = 1;
				DEVELOPMENT_TEAM = D28SQQ935Q;
				GENERATE_INFOPLIST_FILE = YES;
				INFOPLIST_FILE = BadgerMeWidget/Info.plist;
				INFOPLIST_KEY_CFBundleDisplayName = BadgerMeWidget;
				INFOPLIST_KEY_NSHumanReadableCopyright = "";
				IPHONEOS_DEPLOYMENT_TARGET = 26.1;
				LD_RUNPATH_SEARCH_PATHS = (
					"$(inherited)",
					"@executable_path/Frameworks",
					"@executable_path/../../Frameworks",
				);
				MARKETING_VERSION = 1.0;
				PRODUCT_BUNDLE_IDENTIFIER = com.badgerme.BadgerMe.BadgerMeWidget;
				PRODUCT_NAME = "$(TARGET_NAME)";
				SKIP_INSTALL = YES;
				STRING_CATALOG_GENERATE_SYMBOLS = YES;
				SWIFT_APPROACHABLE_CONCURRENCY = YES;
				SWIFT_EMIT_LOC_STRINGS = YES;
				SWIFT_UPCOMING_FEATURE_MEMBER_IMPORT_VISIBILITY = YES;
				SWIFT_VERSION = 6.0;
				TARGETED_DEVICE_FAMILY = "1,2";
			};
			name = Debug;
		};
		A2D0BAAB2FFC5AD000729EFE /* Release */ = {
			isa = XCBuildConfiguration;
			buildSettings = {
				ASSETCATALOG_COMPILER_GLOBAL_ACCENT_COLOR_NAME = AccentColor;
				ASSETCATALOG_COMPILER_WIDGET_BACKGROUND_COLOR_NAME = WidgetBackground;
				CODE_SIGN_ENTITLEMENTS = BadgerMeWidgetExtension.entitlements;
				CODE_SIGN_STYLE = Automatic;
				CURRENT_PROJECT_VERSION = 1;
				DEVELOPMENT_TEAM = D28SQQ935Q;
				GENERATE_INFOPLIST_FILE = YES;
				INFOPLIST_FILE = BadgerMeWidget/Info.plist;
				INFOPLIST_KEY_CFBundleDisplayName = BadgerMeWidget;
				INFOPLIST_KEY_NSHumanReadableCopyright = "";
				IPHONEOS_DEPLOYMENT_TARGET = 26.1;
				LD_RUNPATH_SEARCH_PATHS = (
					"$(inherited)",
					"@executable_path/Frameworks",
					"@executable_path/../../Frameworks",
				);
				MARKETING_VERSION = 1.0;
				PRODUCT_BUNDLE_IDENTIFIER = com.badgerme.BadgerMe.BadgerMeWidget;
				PRODUCT_NAME = "$(TARGET_NAME)";
				SKIP_INSTALL = YES;
				STRING_CATALOG_GENERATE_SYMBOLS = YES;
				SWIFT_APPROACHABLE_CONCURRENCY = YES;
				SWIFT_EMIT_LOC_STRINGS = YES;
				SWIFT_UPCOMING_FEATURE_MEMBER_IMPORT_VISIBILITY = YES;
				SWIFT_VERSION = 6.0;
				TARGETED_DEVICE_FAMILY = "1,2";
			};
			name = Release;
		};
/* End XCBuildConfiguration section */

/* Begin XCConfigurationList section */
		A20442002FF97998006BCCCF /* Build configuration list for PBXProject "BadgerMe" */ = {
			isa = XCConfigurationList;
			buildConfigurations = (
				A20442262FF9799A006BCCCF /* Debug */,
				A20442272FF9799A006BCCCF /* Release */,
			);
			defaultConfigurationIsVisible = 0;
			defaultConfigurationName = Release;
		};
		A20442282FF9799A006BCCCF /* Build configuration list for PBXNativeTarget "BadgerMe" */ = {
			isa = XCConfigurationList;
			buildConfigurations = (
				A20442292FF9799A006BCCCF /* Debug */,
				A204422A2FF9799A006BCCCF /* Release */,
			);
			defaultConfigurationIsVisible = 0;
			defaultConfigurationName = Release;
		};
		A204422B2FF9799A006BCCCF /* Build configuration list for PBXNativeTarget "BadgerMeTests" */ = {
			isa = XCConfigurationList;
			buildConfigurations = (
				A204422C2FF9799A006BCCCF /* Debug */,
				A204422D2FF9799A006BCCCF /* Release */,
			);
			defaultConfigurationIsVisible = 0;
			defaultConfigurationName = Release;
		};
		A204422E2FF9799A006BCCCF /* Build configuration list for PBXNativeTarget "BadgerMeUITests" */ = {
			isa = XCConfigurationList;
			buildConfigurations = (
				A204422F2FF9799A006BCCCF /* Debug */,
				A20442302FF9799A006BCCCF /* Release */,
			);
			defaultConfigurationIsVisible = 0;
			defaultConfigurationName = Release;
		};
		A2D0BAA92FFC5AD000729EFE /* Build configuration list for PBXNativeTarget "BadgerMeWidgetExtension" */ = {
			isa = XCConfigurationList;
			buildConfigurations = (
				A2D0BAAA2FFC5AD000729EFE /* Debug */,
				A2D0BAAB2FFC5AD000729EFE /* Release */,
			);
			defaultConfigurationIsVisible = 0;
			defaultConfigurationName = Release;
		};
/* End XCConfigurationList section */

/* Begin XCLocalSwiftPackageReference section */
		A2D0BAB12FFC5C8900729EFE /* XCLocalSwiftPackageReference "BadgerKit" */ = {
			isa = XCLocalSwiftPackageReference;
			relativePath = BadgerKit;
		};
/* End XCLocalSwiftPackageReference section */

/* Begin XCSwiftPackageProductDependency section */
		A2D0BAAF2FFC5C5800729EFE /* BadgerKit */ = {
			isa = XCSwiftPackageProductDependency;
			productName = BadgerKit;
		};
		A2D0BAB22FFC5C8900729EFE /* BadgerKit */ = {
			isa = XCSwiftPackageProductDependency;
			productName = BadgerKit;
		};
/* End XCSwiftPackageProductDependency section */
	};
	rootObject = A20441FD2FF97998006BCCCF /* Project object */;
}
